<?xml version="1.0"?>
<CONFIG>
  <ProjectOptions>
    <Version Value="9"/>
    <PathDelim Value="\"/>
    <General>
      <Flags>
        <MainUnitHasCreateFormStatements Value="False"/>
      </Flags>
      <SessionStorage Value="InProjectDir"/>
      <MainUnit Value="0"/>
      <Title Value="BankConvert"/>
      <UseAppBundle Value="False"/>
      <ResourceType Value="res"/>
    </General>
    <i18n>
      <EnableI18N LFM="False"/>
    </i18n>
    <VersionInfo>
      <StringTable ProductVersion=""/>
    </VersionInfo>
    <BuildModes Count="2">
      <Item1 Name="Debug" Default="True"/>
      <Item2 Name="Release">
        <CompilerOptions>
          <Version Value="11"/>
          <PathDelim Value="\"/>
          <SearchPaths>
            <IncludeFiles Value="$(ProjOutDir)"/>
            <OtherUnitFiles Value="3rdparty"/>
          </SearchPaths>
          <CodeGeneration>
            <SmartLinkUnit Value="True"/>
            <Optimizations>
              <OptimizationLevel Value="3"/>
            </Optimizations>
          </CodeGeneration>
          <Linking>
            <Debugging>
              <GenerateDebugInfo Value="False"/>
            </Debugging>
            <LinkSmart Value="True"/>
          </Linking>
          <Other>
            <CompilerMessages>
              <UseMsgFile Value="True"/>
            </CompilerMessages>
            <CompilerPath Value="$(CompPath)"/>
          </Other>
        </CompilerOptions>
      </Item2>
    </BuildModes>
    <PublishOptions>
      <Version Value="2"/>
      <IncludeFileFilter Value="*.(pas|pp|inc|lfm|lpr|lrs|lpi|lpk|sh|xml)"/>
      <ExcludeFileFilter Value="*.(bak|ppu|o|so);*~;backup"/>
    </PublishOptions>
    <RunParams>
      <local>
        <FormatVersion Value="1"/>
        <CommandLineParams Value="d:\cop\bank\sbersept.txt"/>
      </local>
    </RunParams>
    <RequiredPackages Count="1">
      <Item1>
        <PackageName Value="LCLBase"/>
      </Item1>
    </RequiredPackages>
    <Units Count="17">
      <Unit0>
        <Filename Value="bankconvert.lpr"/>
        <IsPartOfProject Value="True"/>
        <UnitName Value="bankconvert"/>
      </Unit0>
      <Unit1>
        <Filename Value="bankconverter.pas"/>
        <IsPartOfProject Value="True"/>
        <UnitName Value="bankconverter"/>
      </Unit1>
      <Unit2>
        <Filename Value="importfile.pas"/>
        <IsPartOfProject Value="True"/>
        <UnitName Value="importfile"/>
      </Unit2>
      <Unit3>
        <Filename Value="transactioninfo.pas"/>
        <IsPartOfProject Value="True"/>
        <UnitName Value="transactioninfo"/>
      </Unit3>
      <Unit4>
        <Filename Value="importfileing.pas"/>
        <IsPartOfProject Value="True"/>
        <UnitName Value="importfileing"/>
      </Unit4>
      <Unit5>
        <Filename Value="exportfile.pas"/>
        <IsPartOfProject Value="True"/>
        <UnitName Value="exportfile"/>
      </Unit5>
      <Unit6>
        <Filename Value="exportscreen.pas"/>
        <IsPartOfProject Value="True"/>
        <UnitName Value="exportscreen"/>
      </Unit6>
      <Unit7>
        <Filename Value="importfileorov.pas"/>
        <IsPartOfProject Value="True"/>
        <UnitName Value="importfileorov"/>
      </Unit7>
      <Unit8>
        <Filename Value="importfileabnamro.pas"/>
        <IsPartOfProject Value="True"/>
        <UnitName Value="importfileabnamro"/>
      </Unit8>
      <Unit9>
        <Filename Value="3rdparty\csvdocument.pas"/>
        <IsPartOfProject Value="True"/>
        <UnitName Value="CsvDocument"/>
      </Unit9>
      <Unit10>
        <Filename Value="bankutils.pas"/>
        <IsPartOfProject Value="True"/>
        <UnitName Value="bankutils"/>
      </Unit10>
      <Unit11>
        <Filename Value="databaseexporter.pas"/>
        <IsPartOfProject Value="True"/>
        <UnitName Value="DatabaseExporter"/>
      </Unit11>
      <Unit12>
        <Filename Value="dataset2sql.pas"/>
        <IsPartOfProject Value="True"/>
        <UnitName Value="dataset2sql"/>
      </Unit12>
      <Unit13>
        <Filename Value="3rdparty\fpspreadsheet.pas"/>
        <IsPartOfProject Value="True"/>
        <UnitName Value="fpspreadsheet"/>
      </Unit13>
      <Unit14>
        <Filename Value="importfilesberbank.pas"/>
        <IsPartOfProject Value="True"/>
        <UnitName Value="importfilesberbank"/>
      </Unit14>
      <Unit15>
        <Filename Value="semiformattedtext.pas"/>
        <IsPartOfProject Value="True"/>
        <UnitName Value="semiformattedtext"/>
      </Unit15>
      <Unit16>
        <Filename Value="importfilerabo.pas"/>
        <IsPartOfProject Value="True"/>
        <UnitName Value="importfilerabo"/>
      </Unit16>
    </Units>
  </ProjectOptions>
  <CompilerOptions>
    <Version Value="11"/>
    <PathDelim Value="\"/>
    <SearchPaths>
      <IncludeFiles Value="$(ProjOutDir)"/>
      <OtherUnitFiles Value="3rdparty"/>
    </SearchPaths>
    <Parsing>
      <SyntaxOptions>
        <IncludeAssertionCode Value="True"/>
      </SyntaxOptions>
    </Parsing>
    <CodeGeneration>
      <Checks>
        <IOChecks Value="True"/>
        <RangeChecks Value="True"/>
        <OverflowChecks Value="True"/>
        <StackChecks Value="True"/>
      </Checks>
    </CodeGeneration>
    <Linking>
      <Debugging>
        <DebugInfoType Value="dsDwarf2Set"/>
        <UseExternalDbgSyms Value="True"/>
      </Debugging>
    </Linking>
    <Other>
      <CompilerMessages>
        <UseMsgFile Value="True"/>
      </CompilerMessages>
      <CompilerPath Value="$(CompPath)"/>
    </Other>
  </CompilerOptions>
  <Debugging>
    <Exceptions Count="3">
      <Item1>
        <Name Value="EAbort"/>
      </Item1>
      <Item2>
        <Name Value="ECodetoolError"/>
      </Item2>
      <Item3>
        <Name Value="EFOpenError"/>
      </Item3>
    </Exceptions>
  </Debugging>
</CONFIG>
